// !$*UTF8*$!
{
	archiveVersion = 1;
	classes = {
	};
	objectVersion = 50;
	objects = {

/* Begin PBXBuildFile section */
		7B7316C226A7DC620036A904 /* AppDelegate.swift in Sources */ = {isa = PBXBuildFile; fileRef = 7B7316C126A7DC620036A904 /* AppDelegate.swift */; };
		7B7316C426A7DC620036A904 /* SceneDelegate.swift in Sources */ = {isa = PBXBuildFile; fileRef = 7B7316C326A7DC620036A904 /* SceneDelegate.swift */; };
		7B7316C626A7DC620036A904 /* ViewController.swift in Sources */ = {isa = PBXBuildFile; fileRef = 7B7316C526A7DC620036A904 /* ViewController.swift */; };
		7B7316C926A7DC620036A904 /* Main.storyboard in Resources */ = {isa = PBXBuildFile; fileRef = 7B7316C726A7DC620036A904 /* Main.storyboard */; };
		7B7316CC26A7DC620036A904 /* esteeLauder.xcdatamodeld in Sources */ = {isa = PBXBuildFile; fileRef = 7B7316CA26A7DC620036A904 /* esteeLauder.xcdatamodeld */; };
		7B7316CE26A7DC670036A904 /* Assets.xcassets in Resources */ = {isa = PBXBuildFile; fileRef = 7B7316CD26A7DC670036A904 /* Assets.xcassets */; };
		7B7316D126A7DC670036A904 /* LaunchScreen.storyboard in Resources */ = {isa = PBXBuildFile; fileRef = 7B7316CF26A7DC670036A904 /* LaunchScreen.storyboard */; };
		7B7316DC26A7DC680036A904 /* esteeLauderTests.swift in Sources */ = {isa = PBXBuildFile; fileRef = 7B7316DB26A7DC680036A904 /* esteeLauderTests.swift */; };
		7B7316E726A7DC680036A904 /* esteeLauderUITests.swift in Sources */ = {isa = PBXBuildFile; fileRef = 7B7316E626A7DC680036A904 /* esteeLauderUITests.swift */; };
/* End PBXBuildFile section */

/* Begin PBXContainerItemProxy section */
		7B7316D826A7DC680036A904 /* PBXContainerItemProxy */ = {
			isa = PBXContainerItemProxy;
			containerPortal = 7B7316B626A7DC610036A904 /* Project object */;
			proxyType = 1;
			remoteGlobalIDString = 7B7316BD26A7DC620036A904;
			remoteInfo = esteeLauder;
		};
		7B7316E326A7DC680036A904 /* PBXContainerItemProxy */ = {
			isa = PBXContainerItemProxy;
			containerPortal = 7B7316B626A7DC610036A904 /* Project object */;
			proxyType = 1;
			remoteGlobalIDString = 7B7316BD26A7DC620036A904;
			remoteInfo = esteeLauder;
		};
/* End PBXContainerItemProxy section */

/* Begin PBXFileReference section */
		7B7316BE26A7DC620036A904 /* esteeLauder.app */ = {isa = PBXFileReference; explicitFileType = wrapper.application; includeInIndex = 0; path = esteeLauder.app; sourceTree = BUILT_PRODUCTS_DIR; };
		7B7316C126A7DC620036A904 /* AppDelegate.swift */ = {isa = PBXFileReference; lastKnownFileType = sourcecode.swift; path = AppDelegate.swift; sourceTree = "<group>"; };
		7B7316C326A7DC620036A904 /* SceneDelegate.swift */ = {isa = PBXFileReference; lastKnownFileType = sourcecode.swift; path = SceneDelegate.swift; sourceTree = "<group>"; };
		7B7316C526A7DC620036A904 /* ViewController.swift */ = {isa = PBXFileReference; lastKnownFileType = sourcecode.swift; path = ViewController.swift; sourceTree = "<group>"; };
		7B7316C826A7DC620036A904 /* Base */ = {isa = PBXFileReference; lastKnownFileType = file.storyboard; name = Base; path = Base.lproj/Main.storyboard; sourceTree = "<group>"; };
		7B7316CB26A7DC620036A904 /* esteeLauder.xcdatamodel */ = {isa = PBXFileReference; lastKnownFileType = wrapper.xcdatamodel; path = esteeLauder.xcdatamodel; sourceTree = "<group>"; };
		7B7316CD26A7DC670036A904 /* Assets.xcassets */ = {isa = PBXFileReference; lastKnownFileType = folder.assetcatalog; path = Assets.xcassets; sourceTree = "<group>"; };
		7B7316D026A7DC670036A904 /* Base */ = {isa = PBXFileReference; lastKnownFileType = file.storyboard; name = Base; path = Base.lproj/LaunchScreen.storyboard; sourceTree = "<group>"; };
		7B7316D226A7DC670036A904 /* Info.plist */ = {isa = PBXFileReference; lastKnownFileType = text.plist.xml; path = Info.plist; sourceTree = "<group>"; };
		7B7316D726A7DC680036A904 /* esteeLauderTests.xctest */ = {isa = PBXFileReference; explicitFileType = wrapper.cfbundle; includeInIndex = 0; path = esteeLauderTests.xctest; sourceTree = BUILT_PRODUCTS_DIR; };
		7B7316DB26A7DC680036A904 /* esteeLauderTests.swift */ = {isa = PBXFileReference; lastKnownFileType = sourcecode.swift; path = esteeLauderTests.swift; sourceTree = "<group>"; };
		7B7316DD26A7DC680036A904 /* Info.plist */ = {isa = PBXFileReference; lastKnownFileType = text.plist.xml; path = Info.plist; sourceTree = "<group>"; };
		7B7316E226A7DC680036A904 /* esteeLauderUITests.xctest */ = {isa = PBXFileReference; explicitFileType = wrapper.cfbundle; includeInIndex = 0; path = esteeLauderUITests.xctest; sourceTree = BUILT_PRODUCTS_DIR; };
		7B7316E626A7DC680036A904 /* esteeLauderUITests.swift */ = {isa = PBXFileReference; lastKnownFileType = sourcecode.swift; path = esteeLauderUITests.swift; sourceTree = "<group>"; };
		7B7316E826A7DC680036A904 /* Info.plist */ = {isa = PBXFileReference; lastKnownFileType = text.plist.xml; path = Info.plist; sourceTree = "<group>"; };
/* End PBXFileReference section */

/* Begin PBXFrameworksBuildPhase section */
		7B7316BB26A7DC620036A904 /* Frameworks */ = {
			isa = PBXFrameworksBuildPhase;
			buildActionMask = 2147483647;
			files = (
			);
			runOnlyForDeploymentPostprocessing = 0;
		};
		7B7316D426A7DC680036A904 /* Frameworks */ = {
			isa = PBXFrameworksBuildPhase;
			buildActionMask = 2147483647;
			files = (
			);
			runOnlyForDeploymentPostprocessing = 0;
		};
		7B7316DF26A7DC680036A904 /* Frameworks */ = {
			isa = PBXFrameworksBuildPhase;
			buildActionMask = 2147483647;
			files = (
			);
			runOnlyForDeploymentPostprocessing = 0;
		};
/* End PBXFrameworksBuildPhase section */

/* Begin PBXGroup section */
		7B7316B526A7DC610036A904 = {
			isa = PBXGroup;
			children = (
				7B7316C026A7DC620036A904 /* esteeLauder */,
				7B7316DA26A7DC680036A904 /* esteeLauderTests */,
				7B7316E526A7DC680036A904 /* esteeLauderUITests */,
				7B7316BF26A7DC620036A904 /* Products */,
			);
			sourceTree = "<group>";
		};
		7B7316BF26A7DC620036A904 /* Products */ = {
			isa = PBXGroup;
			children = (
				7B7316BE26A7DC620036A904 /* esteeLauder.app */,
				7B7316D726A7DC680036A904 /* esteeLauderTests.xctest */,
				7B7316E226A7DC680036A904 /* esteeLauderUITests.xctest */,
			);
			name = Products;
			sourceTree = "<group>";
		};
		7B7316C026A7DC620036A904 /* esteeLauder */ = {
			isa = PBXGroup;
			children = (
				7B7316C126A7DC620036A904 /* AppDelegate.swift */,
				7B7316C326A7DC620036A904 /* SceneDelegate.swift */,
				7B7316C526A7DC620036A904 /* ViewController.swift */,
				7B7316C726A7DC620036A904 /* Main.storyboard */,
				7B7316CD26A7DC670036A904 /* Assets.xcassets */,
				7B7316CF26A7DC670036A904 /* LaunchScreen.storyboard */,
				7B7316D226A7DC670036A904 /* Info.plist */,
				7B7316CA26A7DC620036A904 /* esteeLauder.xcdatamodeld */,
			);
			path = esteeLauder;
			sourceTree = "<group>";
		};
		7B7316DA26A7DC680036A904 /* esteeLauderTests */ = {
			isa = PBXGroup;
			children = (
				7B7316DB26A7DC680036A904 /* esteeLauderTests.swift */,
				7B7316DD26A7DC680036A904 /* Info.plist */,
			);
			path = esteeLauderTests;
			sourceTree = "<group>";
		};
		7B7316E526A7DC680036A904 /* esteeLauderUITests */ = {
			isa = PBXGroup;
			children = (
				7B7316E626A7DC680036A904 /* esteeLauderUITests.swift */,
				7B7316E826A7DC680036A904 /* Info.plist */,
			);
			path = esteeLauderUITests;
			sourceTree = "<group>";
		};
/* End PBXGroup section */

/* Begin PBXNativeTarget section */
		7B7316BD26A7DC620036A904 /* esteeLauder */ = {
			isa = PBXNativeTarget;
			buildConfigurationList = 7B7316EB26A7DC680036A904 /* Build configuration list for PBXNativeTarget "esteeLauder" */;
			buildPhases = (
				7B7316BA26A7DC620036A904 /* Sources */,
				7B7316BB26A7DC620036A904 /* Frameworks */,
				7B7316BC26A7DC620036A904 /* Resources */,
			);
			buildRules = (
			);
			dependencies = (
			);
			name = esteeLauder;
			productName = esteeLauder;
			productReference = 7B7316BE26A7DC620036A904 /* esteeLauder.app */;
			productType = "com.apple.product-type.application";
		};
		7B7316D626A7DC680036A904 /* esteeLauderTests */ = {
			isa = PBXNativeTarget;
			buildConfigurationList = 7B7316EE26A7DC680036A904 /* Build configuration list for PBXNativeTarget "esteeLauderTests" */;
			buildPhases = (
				7B7316D326A7DC680036A904 /* Sources */,
				7B7316D426A7DC680036A904 /* Frameworks */,
				7B7316D526A7DC680036A904 /* Resources */,
			);
			buildRules = (
			);
			dependencies = (
				7B7316D926A7DC680036A904 /* PBXTargetDependency */,
			);
			name = esteeLauderTests;
			productName = esteeLauderTests;
			productReference = 7B7316D726A7DC680036A904 /* esteeLauderTests.xctest */;
			productType = "com.apple.product-type.bundle.unit-test";
		};
		7B7316E126A7DC680036A904 /* esteeLauderUITests */ = {
			isa = PBXNativeTarget;
			buildConfigurationList = 7B7316F126A7DC680036A904 /* Build configuration list for PBXNativeTarget "esteeLauderUITests" */;
			buildPhases = (
				7B7316DE26A7DC680036A904 /* Sources */,
				7B7316DF26A7DC680036A904 /* Frameworks */,
				7B7316E026A7DC680036A904 /* Resources */,
			);
			buildRules = (
			);
			dependencies = (
				7B7316E426A7DC680036A904 /* PBXTargetDependency */,
			);
			name = esteeLauderUITests;
			productName = esteeLauderUITests;
			productReference = 7B7316E226A7DC680036A904 /* esteeLauderUITests.xctest */;
			productType = "com.apple.product-type.bundle.ui-testing";
		};
/* End PBXNativeTarget section */

/* Begin PBXProject section */
		7B7316B626A7DC610036A904 /* Project object */ = {
			isa = PBXProject;
			attributes = {
				LastSwiftUpdateCheck = 1250;
				LastUpgradeCheck = 1250;
				TargetAttributes = {
					7B7316BD26A7DC620036A904 = {
						CreatedOnToolsVersion = 12.5.1;
					};
					7B7316D626A7DC680036A904 = {
						CreatedOnToolsVersion = 12.5.1;
						TestTargetID = 7B7316BD26A7DC620036A904;
					};
					7B7316E126A7DC680036A904 = {
						CreatedOnToolsVersion = 12.5.1;
						TestTargetID = 7B7316BD26A7DC620036A904;
					};
				};
			};
			buildConfigurationList = 7B7316B926A7DC610036A904 /* Build configuration list for PBXProject "esteeLauder" */;
			compatibilityVersion = "Xcode 9.3";
			developmentRegion = en;
			hasScannedForEncodings = 0;
			knownRegions = (
				en,
				Base,
			);
			mainGroup = 7B7316B526A7DC610036A904;
			productRefGroup = 7B7316BF26A7DC620036A904 /* Products */;
			projectDirPath = "";
			projectRoot = "";
			targets = (
				7B7316BD26A7DC620036A904 /* esteeLauder */,
				7B7316D626A7DC680036A904 /* esteeLauderTests */,
				7B7316E126A7DC680036A904 /* esteeLauderUITests */,
			);
		};
/* End PBXProject section */

/* Begin PBXResourcesBuildPhase section */
		7B7316BC26A7DC620036A904 /* Resources */ = {
			isa = PBXResourcesBuildPhase;
			buildActionMask = 2147483647;
			files = (
				7B7316D126A7DC670036A904 /* LaunchScreen.storyboard in Resources */,
				7B7316CE26A7DC670036A904 /* Assets.xcassets in Resources */,
				7B7316C926A7DC620036A904 /* Main.storyboard in Resources */,
			);
			runOnlyForDeploymentPostprocessing = 0;
		};
		7B7316D526A7DC680036A904 /* Resources */ = {
			isa = PBXResourcesBuildPhase;
			buildActionMask = 2147483647;
			files = (
			);
			runOnlyForDeploymentPostprocessing = 0;
		};
		7B7316E026A7DC680036A904 /* Resources */ = {
			isa = PBXResourcesBuildPhase;
			buildActionMask = 2147483647;
			files = (
			);
			runOnlyForDeploymentPostprocessing = 0;
		};
/* End PBXResourcesBuildPhase section */

/* Begin PBXSourcesBuildPhase section */
		7B7316BA26A7DC620036A904 /* Sources */ = {
			isa = PBXSourcesBuildPhase;
			buildActionMask = 2147483647;
			files = (
				7B7316C626A7DC620036A904 /* ViewController.swift in Sources */,
				7B7316C226A7DC620036A904 /* AppDelegate.swift in Sources */,
				7B7316C426A7DC620036A904 /* SceneDelegate.swift in Sources */,
				7B7316CC26A7DC620036A904 /* esteeLauder.xcdatamodeld in Sources */,
			);
			runOnlyForDeploymentPostprocessing = 0;
		};
		7B7316D326A7DC680036A904 /* Sources */ = {
			isa = PBXSourcesBuildPhase;
			buildActionMask = 2147483647;
			files = (
				7B7316DC26A7DC680036A904 /* esteeLauderTests.swift in Sources */,
			);
			runOnlyForDeploymentPostprocessing = 0;
		};
		7B7316DE26A7DC680036A904 /* Sources */ = {
			isa = PBXSourcesBuildPhase;
			buildActionMask = 2147483647;
			files = (
				7B7316E726A7DC680036A904 /* esteeLauderUITests.swift in Sources */,
			);
			runOnlyForDeploymentPostprocessing = 0;
		};
/* End PBXSourcesBuildPhase section */

/* Begin PBXTargetDependency section */
		7B7316D926A7DC680036A904 /* PBXTargetDependency */ = {
			isa = PBXTargetDependency;
			target = 7B7316BD26A7DC620036A904 /* esteeLauder */;
			targetProxy = 7B7316D826A7DC680036A904 /* PBXContainerItemProxy */;
		};
		7B7316E426A7DC680036A904 /* PBXTargetDependency */ = {
			isa = PBXTargetDependency;
			target = 7B7316BD26A7DC620036A904 /* esteeLauder */;
			targetProxy = 7B7316E326A7DC680036A904 /* PBXContainerItemProxy */;
		};
/* End PBXTargetDependency section */

/* Begin PBXVariantGroup section */
		7B7316C726A7DC620036A904 /* Main.storyboard */ = {
			isa = PBXVariantGroup;
			children = (
				7B7316C826A7DC620036A904 /* Base */,
			);
			name = Main.storyboard;
			sourceTree = "<group>";
		};
		7B7316CF26A7DC670036A904 /* LaunchScreen.storyboard */ = {
			isa = PBXVariantGroup;
			children = (
				7B7316D026A7DC670036A904 /* Base */,
			);
			name = LaunchScreen.storyboard;
			sourceTree = "<group>";
		};
/* End PBXVariantGroup section */

/* Begin XCBuildConfiguration section */
		7B7316E926A7DC680036A904 /* Debug */ = {
			isa = XCBuildConfiguration;
			buildSettings = {
				ALWAYS_SEARCH_USER_PATHS = NO;
				CLANG_ANALYZER_NONNULL = YES;
				CLANG_ANALYZER_NUMBER_OBJECT_CONVERSION = YES_AGGRESSIVE;
				CLANG_CXX_LANGUAGE_STANDARD = "gnu++14";
				CLANG_CXX_LIBRARY = "libc++";
				CLANG_ENABLE_MODULES = YES;
				CLANG_ENABLE_OBJC_ARC = YES;
				CLANG_ENABLE_OBJC_WEAK = YES;
				CLANG_WARN_BLOCK_CAPTURE_AUTORELEASING = YES;
				CLANG_WARN_BOOL_CONVERSION = YES;
				CLANG_WARN_COMMA = YES;
				CLANG_WARN_CONSTANT_CONVERSION = YES;
				CLANG_WARN_DEPRECATED_OBJC_IMPLEMENTATIONS = YES;
				CLANG_WARN_DIRECT_OBJC_ISA_USAGE = YES_ERROR;
				CLANG_WARN_DOCUMENTATION_COMMENTS = YES;
				CLANG_WARN_EMPTY_BODY = YES;
				CLANG_WARN_ENUM_CONVERSION = YES;
				CLANG_WARN_INFINITE_RECURSION = YES;
				CLANG_WARN_INT_CONVERSION = YES;
				CLANG_WARN_NON_LITERAL_NULL_CONVERSION = YES;
				CLANG_WARN_OBJC_IMPLICIT_RETAIN_SELF = YES;
				CLANG_WARN_OBJC_LITERAL_CONVERSION = YES;
				CLANG_WARN_OBJC_ROOT_CLASS = YES_ERROR;
				CLANG_WARN_QUOTED_INCLUDE_IN_FRAMEWORK_HEADER = YES;
				CLANG_WARN_RANGE_LOOP_ANALYSIS = YES;
				CLANG_WARN_STRICT_PROTOTYPES = YES;
				CLANG_WARN_SUSPICIOUS_MOVE = YES;
				CLANG_WARN_UNGUARDED_AVAILABILITY = YES_AGGRESSIVE;
				CLANG_WARN_UNREACHABLE_CODE = YES;
				CLANG_WARN__DUPLICATE_METHOD_MATCH = YES;
				COPY_PHASE_STRIP = NO;
				DEBUG_INFORMATION_FORMAT = dwarf;
				ENABLE_STRICT_OBJC_MSGSEND = YES;
				ENABLE_TESTABILITY = YES;
				GCC_C_LANGUAGE_STANDARD = gnu11;
				GCC_DYNAMIC_NO_PIC = NO;
				GCC_NO_COMMON_BLOCKS = YES;
				GCC_OPTIMIZATION_LEVEL = 0;
				GCC_PREPROCESSOR_DEFINITIONS = (
					"DEBUG=1",
					"$(inherited)",
				);
				GCC_WARN_64_TO_32_BIT_CONVERSION = YES;
				GCC_WARN_ABOUT_RETURN_TYPE = YES_ERROR;
				GCC_WARN_UNDECLARED_SELECTOR = YES;
				GCC_WARN_UNINITIALIZED_AUTOS = YES_AGGRESSIVE;
				GCC_WARN_UNUSED_FUNCTION = YES;
				GCC_WARN_UNUSED_VARIABLE = YES;
				IPHONEOS_DEPLOYMENT_TARGET = 14.5;
				MTL_ENABLE_DEBUG_INFO = INCLUDE_SOURCE;
				MTL_FAST_MATH = YES;
				ONLY_ACTIVE_ARCH = YES;
				SDKROOT = iphoneos;
				SWIFT_ACTIVE_COMPILATION_CONDITIONS = DEBUG;
				SWIFT_OPTIMIZATION_LEVEL = "-Onone";
			};
			name = Debug;
		};
		7B7316EA26A7DC680036A904 /* Release */ = {
			isa = XCBuildConfiguration;
			buildSettings = {
				ALWAYS_SEARCH_USER_PATHS = NO;
				CLANG_ANALYZER_NONNULL = YES;
				CLANG_ANALYZER_NUMBER_OBJECT_CONVERSION = YES_AGGRESSIVE;
				CLANG_CXX_LANGUAGE_STANDARD = "gnu++14";
				CLANG_CXX_LIBRARY = "libc++";
				CLANG_ENABLE_MODULES = YES;
				CLANG_ENABLE_OBJC_ARC = YES;
				CLANG_ENABLE_OBJC_WEAK = YES;
				CLANG_WARN_BLOCK_CAPTURE_AUTORELEASING = YES;
				CLANG_WARN_BOOL_CONVERSION = YES;
				CLANG_WARN_COMMA = YES;
				CLANG_WARN_CONSTANT_CONVERSION = YES;
				CLANG_WARN_DEPRECATED_OBJC_IMPLEMENTATIONS = YES;
				CLANG_WARN_DIRECT_OBJC_ISA_USAGE = YES_ERROR;
				CLANG_WARN_DOCUMENTATION_COMMENTS = YES;
				CLANG_WARN_EMPTY_BODY = YES;
				CLANG_WARN_ENUM_CONVERSION = YES;
				CLANG_WARN_INFINITE_RECURSION = YES;
				CLANG_WARN_INT_CONVERSION = YES;
				CLANG_WARN_NON_LITERAL_NULL_CONVERSION = YES;
				CLANG_WARN_OBJC_IMPLICIT_RETAIN_SELF = YES;
				CLANG_WARN_OBJC_LITERAL_CONVERSION = YES;
				CLANG_WARN_OBJC_ROOT_CLASS = YES_ERROR;
				CLANG_WARN_QUOTED_INCLUDE_IN_FRAMEWORK_HEADER = YES;
				CLANG_WARN_RANGE_LOOP_ANALYSIS = YES;
				CLANG_WARN_STRICT_PROTOTYPES = YES;
				CLANG_WARN_SUSPICIOUS_MOVE = YES;
				CLANG_WARN_UNGUARDED_AVAILABILITY = YES_AGGRESSIVE;
				CLANG_WARN_UNREACHABLE_CODE = YES;
				CLANG_WARN__DUPLICATE_METHOD_MATCH = YES;
				COPY_PHASE_STRIP = NO;
				DEBUG_INFORMATION_FORMAT = "dwarf-with-dsym";
				ENABLE_NS_ASSERTIONS = NO;
				ENABLE_STRICT_OBJC_MSGSEND = YES;
				GCC_C_LANGUAGE_STANDARD = gnu11;
				GCC_NO_COMMON_BLOCKS = YES;
				GCC_WARN_64_TO_32_BIT_CONVERSION = YES;
				GCC_WARN_ABOUT_RETURN_TYPE = YES_ERROR;
				GCC_WARN_UNDECLARED_SELECTOR = YES;
				GCC_WARN_UNINITIALIZED_AUTOS = YES_AGGRESSIVE;
				GCC_WARN_UNUSED_FUNCTION = YES;
				GCC_WARN_UNUSED_VARIABLE = YES;
				IPHONEOS_DEPLOYMENT_TARGET = 14.5;
				MTL_ENABLE_DEBUG_INFO = NO;
				MTL_FAST_MATH = YES;
				SDKROOT = iphoneos;
				SWIFT_COMPILATION_MODE = wholemodule;
				SWIFT_OPTIMIZATION_LEVEL = "-O";
				VALIDATE_PRODUCT = YES;
			};
			name = Release;
		};
		7B7316EC26A7DC680036A904 /* Debug */ = {
			isa = XCBuildConfiguration;
			buildSettings = {
				ASSETCATALOG_COMPILER_APPICON_NAME = AppIcon;
				ASSETCATALOG_COMPILER_GLOBAL_ACCENT_COLOR_NAME = AccentColor;
				CODE_SIGN_STYLE = Automatic;
				INFOPLIST_FILE = esteeLauder/Info.plist;
				LD_RUNPATH_SEARCH_PATHS = (
					"$(inherited)",
					"@executable_path/Frameworks",
				);
				PRODUCT_BUNDLE_IDENTIFIER = "kwk-2021.esteeLauder";
				PRODUCT_NAME = "$(TARGET_NAME)";
				SWIFT_VERSION = 5.0;
				TARGETED_DEVICE_FAMILY = "1,2";
			};
			name = Debug;
		};
		7B7316ED26A7DC680036A904 /* Release */ = {
			isa = XCBuildConfiguration;
			buildSettings = {
				ASSETCATALOG_COMPILER_APPICON_NAME = AppIcon;
				ASSETCATALOG_COMPILER_GLOBAL_ACCENT_COLOR_NAME = AccentColor;
				CODE_SIGN_STYLE = Automatic;
				INFOPLIST_FILE = esteeLauder/Info.plist;
				LD_RUNPATH_SEARCH_PATHS = (
					"$(inherited)",
					"@executable_path/Frameworks",
				);
				PRODUCT_BUNDLE_IDENTIFIER = "kwk-2021.esteeLauder";
				PRODUCT_NAME = "$(TARGET_NAME)";
				SWIFT_VERSION = 5.0;
				TARGETED_DEVICE_FAMILY = "1,2";
			};
			name = Release;
		};
		7B7316EF26A7DC680036A904 /* Debug */ = {
			isa = XCBuildConfiguration;
			buildSettings = {
				ALWAYS_EMBED_SWIFT_STANDARD_LIBRARIES = YES;
				BUNDLE_LOADER = "$(TEST_HOST)";
				CODE_SIGN_STYLE = Automatic;
				INFOPLIST_FILE = esteeLauderTests/Info.plist;
				IPHONEOS_DEPLOYMENT_TARGET = 14.5;
				LD_RUNPATH_SEARCH_PATHS = (
					"$(inherited)",
					"@executable_path/Frameworks",
					"@loader_path/Frameworks",
				);
				PRODUCT_BUNDLE_IDENTIFIER = "kwk-2021.esteeLauderTests";
				PRODUCT_NAME = "$(TARGET_NAME)";
				SWIFT_VERSION = 5.0;
				TARGETED_DEVICE_FAMILY = "1,2";
				TEST_HOST = "$(BUILT_PRODUCTS_DIR)/esteeLauder.app/esteeLauder";
			};
			name = Debug;
		};
		7B7316F026A7DC680036A904 /* Release */ = {
			isa = XCBuildConfiguration;
			buildSettings = {
				ALWAYS_EMBED_SWIFT_STANDARD_LIBRARIES = YES;
				BUNDLE_LOADER = "$(TEST_HOST)";
				CODE_SIGN_STYLE = Automatic;
				INFOPLIST_FILE = esteeLauderTests/Info.plist;
				IPHONEOS_DEPLOYMENT_TARGET = 14.5;
				LD_RUNPATH_SEARCH_PATHS = (
					"$(inherited)",
					"@executable_path/Frameworks",
					"@loader_path/Frameworks",
				);
				PRODUCT_BUNDLE_IDENTIFIER = "kwk-2021.esteeLauderTests";
				PRODUCT_NAME = "$(TARGET_NAME)";
				SWIFT_VERSION = 5.0;
				TARGETED_DEVICE_FAMILY = "1,2";
				TEST_HOST = "$(BUILT_PRODUCTS_DIR)/esteeLauder.app/esteeLauder";
			};
			name = Release;
		};
		7B7316F226A7DC680036A904 /* Debug */ = {
			isa = XCBuildConfiguration;
			buildSettings = {
				ALWAYS_EMBED_SWIFT_STANDARD_LIBRARIES = YES;
				CODE_SIGN_STYLE = Automatic;
				INFOPLIST_FILE = esteeLauderUITests/Info.plist;
				LD_RUNPATH_SEARCH_PATHS = (
					"$(inherited)",
					"@executable_path/Frameworks",
					"@loader_path/Frameworks",
				);
				PRODUCT_BUNDLE_IDENTIFIER = "kwk-2021.esteeLauderUITests";
				PRODUCT_NAME = "$(TARGET_NAME)";
				SWIFT_VERSION = 5.0;
				TARGETED_DEVICE_FAMILY = "1,2";
				TEST_TARGET_NAME = esteeLauder;
			};
			name = Debug;
		};
		7B7316F326A7DC680036A904 /* Release */ = {
			isa = XCBuildConfiguration;
			buildSettings = {
				ALWAYS_EMBED_SWIFT_STANDARD_LIBRARIES = YES;
				CODE_SIGN_STYLE = Automatic;
				INFOPLIST_FILE = esteeLauderUITests/Info.plist;
				LD_RUNPATH_SEARCH_PATHS = (
					"$(inherited)",
					"@executable_path/Frameworks",
					"@loader_path/Frameworks",
				);
				PRODUCT_BUNDLE_IDENTIFIER = "kwk-2021.esteeLauderUITests";
				PRODUCT_NAME = "$(TARGET_NAME)";
				SWIFT_VERSION = 5.0;
				TARGETED_DEVICE_FAMILY = "1,2";
				TEST_TARGET_NAME = esteeLauder;
			};
			name = Release;
		};
/* End XCBuildConfiguration section */

/* Begin XCConfigurationList section */
		7B7316B926A7DC610036A904 /* Build configuration list for PBXProject "esteeLauder" */ = {
			isa = XCConfigurationList;
			buildConfigurations = (
				7B7316E926A7DC680036A904 /* Debug */,
				7B7316EA26A7DC680036A904 /* Release */,
			);
			defaultConfigurationIsVisible = 0;
			defaultConfigurationName = Release;
		};
		7B7316EB26A7DC680036A904 /* Build configuration list for PBXNativeTarget "esteeLauder" */ = {
			isa = XCConfigurationList;
			buildConfigurations = (
				7B7316EC26A7DC680036A904 /* Debug */,
				7B7316ED26A7DC680036A904 /* Release */,
			);
			defaultConfigurationIsVisible = 0;
			defaultConfigurationName = Release;
		};
		7B7316EE26A7DC680036A904 /* Build configuration list for PBXNativeTarget "esteeLauderTests" */ = {
			isa = XCConfigurationList;
			buildConfigurations = (
				7B7316EF26A7DC680036A904 /* Debug */,
				7B7316F026A7DC680036A904 /* Release */,
			);
			defaultConfigurationIsVisible = 0;
			defaultConfigurationName = Release;
		};
		7B7316F126A7DC680036A904 /* Build configuration list for PBXNativeTarget "esteeLauderUITests" */ = {
			isa = XCConfigurationList;
			buildConfigurations = (
				7B7316F226A7DC680036A904 /* Debug */,
				7B7316F326A7DC680036A904 /* Release */,
			);
			defaultConfigurationIsVisible = 0;
			defaultConfigurationName = Release;
		};
/* End XCConfigurationList section */

/* Begin XCVersionGroup section */
		7B7316CA26A7DC620036A904 /* esteeLauder.xcdatamodeld */ = {
			isa = XCVersionGroup;
			children = (
				7B7316CB26A7DC620036A904 /* esteeLauder.xcdatamodel */,
			);
			currentVersion = 7B7316CB26A7DC620036A904 /* esteeLauder.xcdatamodel */;
			path = esteeLauder.xcdatamodeld;
			sourceTree = "<group>";
			versionGroupType = wrapper.xcdatamodel;
		};
/* End XCVersionGroup section */
	};
	rootObject = 7B7316B626A7DC610036A904 /* Project object */;
}
